
Microsoft Visual Studio Solution File, Format Version 12.00
# Visual Studio Version 17
VisualStudioVersion = 17.0.31903.59
MinimumVisualStudioVersion = 10.0.40219.1
Project("{FAE04EC0-301F-11D3-BF4B-00C04F79EFBC}") = "Client", "Client\Client.csproj", "{82CDAD8F-91BD-4EE6-941E-39DFAE955356}"
EndProject
Project("{FAE04EC0-301F-11D3-BF4B-00C04F79EFBC}") = "Server", "Server\Server.csproj", "{CBF2C188-E030-4F84-90C1-5589B0A3A685}"
EndProject
Project("{FAE04EC0-301F-11D3-BF4B-00C04F79EFBC}") = "Shared", "Shared\Shared.csproj", "{4228C908-5D2D-4075-B4F0-19C723CB7599}"
EndProject
Global
	GlobalSection(SolutionConfigurationPlatforms) = preSolution
		Debug|Any CPU = Debug|Any CPU
		Release|Any CPU = Release|Any CPU
	EndGlobalSection
	GlobalSection(SolutionProperties) = preSolution
		HideSolutionNode = FALSE
	EndGlobalSection
	GlobalSection(ProjectConfigurationPlatforms) = postSolution
		{82CDAD8F-91BD-4EE6-941E-39DFAE955356}.Debug|Any CPU.ActiveCfg = Debug|Any CPU
		{82CDAD8F-91BD-4EE6-941E-39DFAE955356}.Debug|Any CPU.Build.0 = Debug|Any CPU
		{82CDAD8F-91BD-4EE6-941E-39DFAE955356}.Release|Any CPU.ActiveCfg = Release|Any CPU
		{82CDAD8F-91BD-4EE6-941E-39DFAE955356}.Release|Any CPU.Build.0 = Release|Any CPU
		{CBF2C188-E030-4F84-90C1-5589B0A3A685}.Debug|Any CPU.ActiveCfg = Debug|Any CPU
		{CBF2C188-E030-4F84-90C1-5589B0A3A685}.Debug|Any CPU.Build.0 = Debug|Any CPU
		{CBF2C188-E030-4F84-90C1-5589B0A3A685}.Release|Any CPU.ActiveCfg = Release|Any CPU
		{CBF2C188-E030-4F84-90C1-5589B0A3A685}.Release|Any CPU.Build.0 = Release|Any CPU
		{4228C908-5D2D-4075-B4F0-19C723CB7599}.Debug|Any CPU.ActiveCfg = Debug|Any CPU
		{4228C908-5D2D-4075-B4F0-19C723CB7599}.Debug|Any CPU.Build.0 = Debug|Any CPU
		{4228C908-5D2D-4075-B4F0-19C723CB7599}.Release|Any CPU.ActiveCfg = Release|Any CPU
		{4228C908-5D2D-4075-B4F0-19C723CB7599}.Release|Any CPU.Build.0 = Release|Any CPU
	EndGlobalSection
EndGlobal
